
Microsoft Visual Studio Solution File, Format Version 12.00
# Visual Studio 15
VisualStudioVersion = 15.0.28307.757
MinimumVisualStudioVersion = 10.0.40219.1
Project("{FAE04EC0-301F-11D3-BF4B-00C04F79EFBC}") = "SiteTest", "SiteTest\SiteTest.csproj", "{BD406437-61D3-4DC7-8D4F-BAC89E621758}"
EndProject
Global
	GlobalSection(SolutionConfigurationPlatforms) = preSolution
		Debug|Any CPU = Debug|Any CPU
		Release|Any CPU = Release|Any CPU
	EndGlobalSection
	GlobalSection(ProjectConfigurationPlatforms) = postSolution
		{BD406437-61D3-4DC7-8D4F-BAC89E621758}.Debug|Any CPU.ActiveCfg = Debug|Any CPU
		{BD406437-61D3-4DC7-8D4F-BAC89E621758}.Debug|Any CPU.Build.0 = Debug|Any CPU
		{BD406437-61D3-4DC7-8D4F-BAC89E621758}.Release|Any CPU.ActiveCfg = Release|Any CPU
		{BD406437-61D3-4DC7-8D4F-BAC89E621758}.Release|Any CPU.Build.0 = Release|Any CPU
	EndGlobalSection
	GlobalSection(SolutionProperties) = preSolution
		HideSolutionNode = FALSE
	EndGlobalSection
	GlobalSection(ExtensibilityGlobals) = postSolution
		SolutionGuid = {D64B04F6-8BCF-4C32-A8AB-40C4FCEDD80D}
	EndGlobalSection
EndGlobal
